
Microsoft Visual Studio Solution File, Format Version 12.00
Project("{FAE04EC0-301F-11D3-BF4B-00C04F79EFBC}") = "ClassLibrary2", "ClassLibrary2\ClassLibrary2.csproj", "{6C5173B7-DE58-4D6C-A946-A16F8C45B859}"
EndProject
Global
	GlobalSection(SolutionConfigurationPlatforms) = preSolution
		Debug|Any CPU = Debug|Any CPU
		Release|Any CPU = Release|Any CPU
	EndGlobalSection
	GlobalSection(ProjectConfigurationPlatforms) = postSolution
		{6C5173B7-DE58-4D6C-A946-A16F8C45B859}.Debug|Any CPU.ActiveCfg = Debug|Any CPU
		{6C5173B7-DE58-4D6C-A946-A16F8C45B859}.Debug|Any CPU.Build.0 = Debug|Any CPU
		{6C5173B7-DE58-4D6C-A946-A16F8C45B859}.Release|Any CPU.ActiveCfg = Release|Any CPU
		{6C5173B7-DE58-4D6C-A946-A16F8C45B859}.Release|Any CPU.Build.0 = Release|Any CPU
	EndGlobalSection
EndGlobal
